
Microsoft Visual Studio Solution File, Format Version 12.00
# Visual Studio Version 17
VisualStudioVersion = 17.7.34024.191
MinimumVisualStudioVersion = 10.0.40219.1
Project("{FAE04EC0-301F-11D3-BF4B-00C04F79EFBC}") = "Lab_12", "Lab_12.csproj", "{7BB2B713-2F11-4885-AA06-EBFBAD4D8CBB}"
EndProject
Global
	GlobalSection(SolutionConfigurationPlatforms) = preSolution
		Debug|Any CPU = Debug|Any CPU
		Release|Any CPU = Release|Any CPU
	EndGlobalSection
	GlobalSection(ProjectConfigurationPlatforms) = postSolution
		{7BB2B713-2F11-4885-AA06-EBFBAD4D8CBB}.Debug|Any CPU.ActiveCfg = Debug|Any CPU
		{7BB2B713-2F11-4885-AA06-EBFBAD4D8CBB}.Debug|Any CPU.Build.0 = Debug|Any CPU
		{7BB2B713-2F11-4885-AA06-EBFBAD4D8CBB}.Release|Any CPU.ActiveCfg = Release|Any CPU
		{7BB2B713-2F11-4885-AA06-EBFBAD4D8CBB}.Release|Any CPU.Build.0 = Release|Any CPU
	EndGlobalSection
	GlobalSection(SolutionProperties) = preSolution
		HideSolutionNode = FALSE
	EndGlobalSection
	GlobalSection(ExtensibilityGlobals) = postSolution
		SolutionGuid = {83C75D12-A058-4CE3-8057-720461DE01BA}
	EndGlobalSection
EndGlobal
