
Microsoft Visual Studio Solution File, Format Version 12.00
# Visual Studio Version 17
VisualStudioVersion = 17.7.34024.191
MinimumVisualStudioVersion = 10.0.40219.1
Project("{9A19103F-16F7-4668-BE54-9A1E7A4F7556}") = "Task_1", "Task_1\Task_1.csproj", "{8B90AC74-1597-43BA-A5A3-51BC51398181}"
EndProject
Project("{FAE04EC0-301F-11D3-BF4B-00C04F79EFBC}") = "123", "123\123.csproj", "{D54A1A26-FFE5-4BFB-B8F8-AE6982690070}"
EndProject
Project("{9A19103F-16F7-4668-BE54-9A1E7A4F7556}") = "Task_2", "Task_2\Task_2.csproj", "{2CE51B73-736F-4763-A748-F7A684B2608C}"
EndProject
Project("{FAE04EC0-301F-11D3-BF4B-00C04F79EFBC}") = "Task_3", "Task_3\Task_3.csproj", "{8BDEE346-EB38-43D9-8153-50E230DE4D36}"
EndProject
Project("{9A19103F-16F7-4668-BE54-9A1E7A4F7556}") = "Task_4", "Task_4\Task_4.csproj", "{9A57CEBC-37E9-4398-877D-31D059DA5E18}"
EndProject
Project("{FAE04EC0-301F-11D3-BF4B-00C04F79EFBC}") = "Task_5", "Task_5\Task_5.csproj", "{B7365D7C-9500-4AD4-BAE8-DF1AABBC8070}"
EndProject
Project("{9A19103F-16F7-4668-BE54-9A1E7A4F7556}") = "Task_6", "Task_6\Task_6.csproj", "{CA399B53-7851-4479-BE9F-CC67AF40AD5A}"
EndProject
Project("{9A19103F-16F7-4668-BE54-9A1E7A4F7556}") = "Task_7", "Task_7\Task_7.csproj", "{C05F5394-E06F-4EC5-89B9-002C4543975A}"
EndProject
Project("{FAE04EC0-301F-11D3-BF4B-00C04F79EFBC}") = "Task_8", "Task_8\Task_8.csproj", "{95AC7923-3545-499E-8067-76B40FD366B9}"
EndProject
Global
	GlobalSection(SolutionConfigurationPlatforms) = preSolution
		Debug|Any CPU = Debug|Any CPU
		Release|Any CPU = Release|Any CPU
	EndGlobalSection
	GlobalSection(ProjectConfigurationPlatforms) = postSolution
		{8B90AC74-1597-43BA-A5A3-51BC51398181}.Debug|Any CPU.ActiveCfg = Debug|Any CPU
		{8B90AC74-1597-43BA-A5A3-51BC51398181}.Debug|Any CPU.Build.0 = Debug|Any CPU
		{8B90AC74-1597-43BA-A5A3-51BC51398181}.Release|Any CPU.ActiveCfg = Release|Any CPU
		{8B90AC74-1597-43BA-A5A3-51BC51398181}.Release|Any CPU.Build.0 = Release|Any CPU
		{D54A1A26-FFE5-4BFB-B8F8-AE6982690070}.Debug|Any CPU.ActiveCfg = Debug|Any CPU
		{D54A1A26-FFE5-4BFB-B8F8-AE6982690070}.Debug|Any CPU.Build.0 = Debug|Any CPU
		{D54A1A26-FFE5-4BFB-B8F8-AE6982690070}.Release|Any CPU.ActiveCfg = Release|Any CPU
		{D54A1A26-FFE5-4BFB-B8F8-AE6982690070}.Release|Any CPU.Build.0 = Release|Any CPU
		{2CE51B73-736F-4763-A748-F7A684B2608C}.Debug|Any CPU.ActiveCfg = Debug|Any CPU
		{2CE51B73-736F-4763-A748-F7A684B2608C}.Debug|Any CPU.Build.0 = Debug|Any CPU
		{2CE51B73-736F-4763-A748-F7A684B2608C}.Release|Any CPU.ActiveCfg = Release|Any CPU
		{2CE51B73-736F-4763-A748-F7A684B2608C}.Release|Any CPU.Build.0 = Release|Any CPU
		{8BDEE346-EB38-43D9-8153-50E230DE4D36}.Debug|Any CPU.ActiveCfg = Debug|Any CPU
		{8BDEE346-EB38-43D9-8153-50E230DE4D36}.Debug|Any CPU.Build.0 = Debug|Any CPU
		{8BDEE346-EB38-43D9-8153-50E230DE4D36}.Release|Any CPU.ActiveCfg = Release|Any CPU
		{8BDEE346-EB38-43D9-8153-50E230DE4D36}.Release|Any CPU.Build.0 = Release|Any CPU
		{9A57CEBC-37E9-4398-877D-31D059DA5E18}.Debug|Any CPU.ActiveCfg = Debug|Any CPU
		{9A57CEBC-37E9-4398-877D-31D059DA5E18}.Debug|Any CPU.Build.0 = Debug|Any CPU
		{9A57CEBC-37E9-4398-877D-31D059DA5E18}.Release|Any CPU.ActiveCfg = Release|Any CPU
		{9A57CEBC-37E9-4398-877D-31D059DA5E18}.Release|Any CPU.Build.0 = Release|Any CPU
		{B7365D7C-9500-4AD4-BAE8-DF1AABBC8070}.Debug|Any CPU.ActiveCfg = Debug|Any CPU
		{B7365D7C-9500-4AD4-BAE8-DF1AABBC8070}.Debug|Any CPU.Build.0 = Debug|Any CPU
		{B7365D7C-9500-4AD4-BAE8-DF1AABBC8070}.Release|Any CPU.ActiveCfg = Release|Any CPU
		{B7365D7C-9500-4AD4-BAE8-DF1AABBC8070}.Release|Any CPU.Build.0 = Release|Any CPU
		{CA399B53-7851-4479-BE9F-CC67AF40AD5A}.Debug|Any CPU.ActiveCfg = Debug|Any CPU
		{CA399B53-7851-4479-BE9F-CC67AF40AD5A}.Debug|Any CPU.Build.0 = Debug|Any CPU
		{CA399B53-7851-4479-BE9F-CC67AF40AD5A}.Release|Any CPU.ActiveCfg = Release|Any CPU
		{CA399B53-7851-4479-BE9F-CC67AF40AD5A}.Release|Any CPU.Build.0 = Release|Any CPU
		{C05F5394-E06F-4EC5-89B9-002C4543975A}.Debug|Any CPU.ActiveCfg = Debug|Any CPU
		{C05F5394-E06F-4EC5-89B9-002C4543975A}.Debug|Any CPU.Build.0 = Debug|Any CPU
		{C05F5394-E06F-4EC5-89B9-002C4543975A}.Release|Any CPU.ActiveCfg = Release|Any CPU
		{C05F5394-E06F-4EC5-89B9-002C4543975A}.Release|Any CPU.Build.0 = Release|Any CPU
		{95AC7923-3545-499E-8067-76B40FD366B9}.Debug|Any CPU.ActiveCfg = Debug|Any CPU
		{95AC7923-3545-499E-8067-76B40FD366B9}.Debug|Any CPU.Build.0 = Debug|Any CPU
		{95AC7923-3545-499E-8067-76B40FD366B9}.Release|Any CPU.ActiveCfg = Release|Any CPU
		{95AC7923-3545-499E-8067-76B40FD366B9}.Release|Any CPU.Build.0 = Release|Any CPU
	EndGlobalSection
	GlobalSection(SolutionProperties) = preSolution
		HideSolutionNode = FALSE
	EndGlobalSection
	GlobalSection(ExtensibilityGlobals) = postSolution
		SolutionGuid = {AAA733F6-C6AC-4DF8-8C3C-34356E9CCF87}
	EndGlobalSection
EndGlobal
