
Microsoft Visual Studio Solution File, Format Version 12.00
# Visual Studio Version 17
VisualStudioVersion = 17.7.34024.191
MinimumVisualStudioVersion = 10.0.40219.1
Project("{FAE04EC0-301F-11D3-BF4B-00C04F79EFBC}") = "Task_2", "Task_2\Task_2.csproj", "{7F07DB40-9A72-478A-BA0A-FB005B22BB6D}"
EndProject
Project("{FAE04EC0-301F-11D3-BF4B-00C04F79EFBC}") = "Task_1", "Task_1\Task_1.csproj", "{CAB25E74-E16C-4754-8ADD-3FD70E588406}"
EndProject
Project("{FAE04EC0-301F-11D3-BF4B-00C04F79EFBC}") = "Task_3", "Task_3\Task_3.csproj", "{F48B8E52-1E89-47E1-BA25-59DB5EDA78A0}"
EndProject
Project("{FAE04EC0-301F-11D3-BF4B-00C04F79EFBC}") = "Task_4", "Task_4\Task_4.csproj", "{05B6D99D-493F-4C53-BB8C-FE296833472F}"
EndProject
Project("{FAE04EC0-301F-11D3-BF4B-00C04F79EFBC}") = "Task_5", "Task_5\Task_5.csproj", "{F69E52F9-C869-453D-8129-CCC43EA6F35C}"
EndProject
Project("{FAE04EC0-301F-11D3-BF4B-00C04F79EFBC}") = "Task_6", "Task_6\Task_6.csproj", "{FF89CC8B-5A66-40C8-B526-9C126B97F47C}"
EndProject
Project("{FAE04EC0-301F-11D3-BF4B-00C04F79EFBC}") = "Task_7", "Task_7\Task_7.csproj", "{63021F3F-3798-49EE-A1E4-DF25F35BB19C}"
EndProject
Project("{FAE04EC0-301F-11D3-BF4B-00C04F79EFBC}") = "Task_8", "Task_8\Task_8.csproj", "{4773A2D7-0E45-40C8-8686-44020523116E}"
EndProject
Project("{FAE04EC0-301F-11D3-BF4B-00C04F79EFBC}") = "Task_9", "Task_9\Task_9.csproj", "{02A1DAB1-4B85-40E8-A291-BD40FA5030F3}"
EndProject
Project("{FAE04EC0-301F-11D3-BF4B-00C04F79EFBC}") = "Task_10", "Task_10\Task_10.csproj", "{6062E678-A5C7-4B22-8942-B4E9FF3247C8}"
EndProject
Project("{FAE04EC0-301F-11D3-BF4B-00C04F79EFBC}") = "Task_11", "Task_11\Task_11.csproj", "{86951C58-B29A-4B28-9B9E-0EC7C8BC7F9C}"
EndProject
Project("{FAE04EC0-301F-11D3-BF4B-00C04F79EFBC}") = "Task_12", "Task_12\Task_12.csproj", "{93082608-DC75-45E9-97CE-672A7142FF44}"
EndProject
Project("{FAE04EC0-301F-11D3-BF4B-00C04F79EFBC}") = "Task_13", "Task_13\Task_13.csproj", "{BA67447F-94A1-44E2-B3F9-16696994B092}"
EndProject
Project("{FAE04EC0-301F-11D3-BF4B-00C04F79EFBC}") = "Task_14", "Task_14\Task_14.csproj", "{0EE6838F-ECB9-44B0-94B3-14D50DEEE672}"
EndProject
Global
	GlobalSection(SolutionConfigurationPlatforms) = preSolution
		Debug|Any CPU = Debug|Any CPU
		Release|Any CPU = Release|Any CPU
	EndGlobalSection
	GlobalSection(ProjectConfigurationPlatforms) = postSolution
		{7F07DB40-9A72-478A-BA0A-FB005B22BB6D}.Debug|Any CPU.ActiveCfg = Debug|Any CPU
		{7F07DB40-9A72-478A-BA0A-FB005B22BB6D}.Debug|Any CPU.Build.0 = Debug|Any CPU
		{7F07DB40-9A72-478A-BA0A-FB005B22BB6D}.Release|Any CPU.ActiveCfg = Release|Any CPU
		{7F07DB40-9A72-478A-BA0A-FB005B22BB6D}.Release|Any CPU.Build.0 = Release|Any CPU
		{CAB25E74-E16C-4754-8ADD-3FD70E588406}.Debug|Any CPU.ActiveCfg = Debug|Any CPU
		{CAB25E74-E16C-4754-8ADD-3FD70E588406}.Debug|Any CPU.Build.0 = Debug|Any CPU
		{CAB25E74-E16C-4754-8ADD-3FD70E588406}.Release|Any CPU.ActiveCfg = Release|Any CPU
		{CAB25E74-E16C-4754-8ADD-3FD70E588406}.Release|Any CPU.Build.0 = Release|Any CPU
		{F48B8E52-1E89-47E1-BA25-59DB5EDA78A0}.Debug|Any CPU.ActiveCfg = Debug|Any CPU
		{F48B8E52-1E89-47E1-BA25-59DB5EDA78A0}.Debug|Any CPU.Build.0 = Debug|Any CPU
		{F48B8E52-1E89-47E1-BA25-59DB5EDA78A0}.Release|Any CPU.ActiveCfg = Release|Any CPU
		{F48B8E52-1E89-47E1-BA25-59DB5EDA78A0}.Release|Any CPU.Build.0 = Release|Any CPU
		{05B6D99D-493F-4C53-BB8C-FE296833472F}.Debug|Any CPU.ActiveCfg = Debug|Any CPU
		{05B6D99D-493F-4C53-BB8C-FE296833472F}.Debug|Any CPU.Build.0 = Debug|Any CPU
		{05B6D99D-493F-4C53-BB8C-FE296833472F}.Release|Any CPU.ActiveCfg = Release|Any CPU
		{05B6D99D-493F-4C53-BB8C-FE296833472F}.Release|Any CPU.Build.0 = Release|Any CPU
		{F69E52F9-C869-453D-8129-CCC43EA6F35C}.Debug|Any CPU.ActiveCfg = Debug|Any CPU
		{F69E52F9-C869-453D-8129-CCC43EA6F35C}.Debug|Any CPU.Build.0 = Debug|Any CPU
		{F69E52F9-C869-453D-8129-CCC43EA6F35C}.Release|Any CPU.ActiveCfg = Release|Any CPU
		{F69E52F9-C869-453D-8129-CCC43EA6F35C}.Release|Any CPU.Build.0 = Release|Any CPU
		{FF89CC8B-5A66-40C8-B526-9C126B97F47C}.Debug|Any CPU.ActiveCfg = Debug|Any CPU
		{FF89CC8B-5A66-40C8-B526-9C126B97F47C}.Debug|Any CPU.Build.0 = Debug|Any CPU
		{FF89CC8B-5A66-40C8-B526-9C126B97F47C}.Release|Any CPU.ActiveCfg = Release|Any CPU
		{FF89CC8B-5A66-40C8-B526-9C126B97F47C}.Release|Any CPU.Build.0 = Release|Any CPU
		{63021F3F-3798-49EE-A1E4-DF25F35BB19C}.Debug|Any CPU.ActiveCfg = Debug|Any CPU
		{63021F3F-3798-49EE-A1E4-DF25F35BB19C}.Debug|Any CPU.Build.0 = Debug|Any CPU
		{63021F3F-3798-49EE-A1E4-DF25F35BB19C}.Release|Any CPU.ActiveCfg = Release|Any CPU
		{63021F3F-3798-49EE-A1E4-DF25F35BB19C}.Release|Any CPU.Build.0 = Release|Any CPU
		{4773A2D7-0E45-40C8-8686-44020523116E}.Debug|Any CPU.ActiveCfg = Debug|Any CPU
		{4773A2D7-0E45-40C8-8686-44020523116E}.Debug|Any CPU.Build.0 = Debug|Any CPU
		{4773A2D7-0E45-40C8-8686-44020523116E}.Release|Any CPU.ActiveCfg = Release|Any CPU
		{4773A2D7-0E45-40C8-8686-44020523116E}.Release|Any CPU.Build.0 = Release|Any CPU
		{02A1DAB1-4B85-40E8-A291-BD40FA5030F3}.Debug|Any CPU.ActiveCfg = Debug|Any CPU
		{02A1DAB1-4B85-40E8-A291-BD40FA5030F3}.Debug|Any CPU.Build.0 = Debug|Any CPU
		{02A1DAB1-4B85-40E8-A291-BD40FA5030F3}.Release|Any CPU.ActiveCfg = Release|Any CPU
		{02A1DAB1-4B85-40E8-A291-BD40FA5030F3}.Release|Any CPU.Build.0 = Release|Any CPU
		{6062E678-A5C7-4B22-8942-B4E9FF3247C8}.Debug|Any CPU.ActiveCfg = Debug|Any CPU
		{6062E678-A5C7-4B22-8942-B4E9FF3247C8}.Debug|Any CPU.Build.0 = Debug|Any CPU
		{6062E678-A5C7-4B22-8942-B4E9FF3247C8}.Release|Any CPU.ActiveCfg = Release|Any CPU
		{6062E678-A5C7-4B22-8942-B4E9FF3247C8}.Release|Any CPU.Build.0 = Release|Any CPU
		{86951C58-B29A-4B28-9B9E-0EC7C8BC7F9C}.Debug|Any CPU.ActiveCfg = Debug|Any CPU
		{86951C58-B29A-4B28-9B9E-0EC7C8BC7F9C}.Debug|Any CPU.Build.0 = Debug|Any CPU
		{86951C58-B29A-4B28-9B9E-0EC7C8BC7F9C}.Release|Any CPU.ActiveCfg = Release|Any CPU
		{86951C58-B29A-4B28-9B9E-0EC7C8BC7F9C}.Release|Any CPU.Build.0 = Release|Any CPU
		{93082608-DC75-45E9-97CE-672A7142FF44}.Debug|Any CPU.ActiveCfg = Debug|Any CPU
		{93082608-DC75-45E9-97CE-672A7142FF44}.Debug|Any CPU.Build.0 = Debug|Any CPU
		{93082608-DC75-45E9-97CE-672A7142FF44}.Release|Any CPU.ActiveCfg = Release|Any CPU
		{93082608-DC75-45E9-97CE-672A7142FF44}.Release|Any CPU.Build.0 = Release|Any CPU
		{BA67447F-94A1-44E2-B3F9-16696994B092}.Debug|Any CPU.ActiveCfg = Debug|Any CPU
		{BA67447F-94A1-44E2-B3F9-16696994B092}.Debug|Any CPU.Build.0 = Debug|Any CPU
		{BA67447F-94A1-44E2-B3F9-16696994B092}.Release|Any CPU.ActiveCfg = Release|Any CPU
		{BA67447F-94A1-44E2-B3F9-16696994B092}.Release|Any CPU.Build.0 = Release|Any CPU
		{0EE6838F-ECB9-44B0-94B3-14D50DEEE672}.Debug|Any CPU.ActiveCfg = Debug|Any CPU
		{0EE6838F-ECB9-44B0-94B3-14D50DEEE672}.Debug|Any CPU.Build.0 = Debug|Any CPU
		{0EE6838F-ECB9-44B0-94B3-14D50DEEE672}.Release|Any CPU.ActiveCfg = Release|Any CPU
		{0EE6838F-ECB9-44B0-94B3-14D50DEEE672}.Release|Any CPU.Build.0 = Release|Any CPU
	EndGlobalSection
	GlobalSection(SolutionProperties) = preSolution
		HideSolutionNode = FALSE
	EndGlobalSection
	GlobalSection(ExtensibilityGlobals) = postSolution
		SolutionGuid = {76FC9DE6-9BD3-428A-B141-EAC6280A00CE}
	EndGlobalSection
EndGlobal
