
Microsoft Visual Studio Solution File, Format Version 12.00
# Visual Studio Version 17
VisualStudioVersion = 17.7.34024.191
MinimumVisualStudioVersion = 10.0.40219.1
Project("{FAE04EC0-301F-11D3-BF4B-00C04F79EFBC}") = "Lab_1", "Lab_1.csproj", "{93232FCE-6C85-4F1B-A3FB-FB217A37F95B}"
EndProject
Project("{FAE04EC0-301F-11D3-BF4B-00C04F79EFBC}") = "Lab_2", "..\Lab_2\Lab_2.csproj", "{84C8DAD8-757D-4098-AAB5-2EF185F3B0FD}"
EndProject
Project("{FAE04EC0-301F-11D3-BF4B-00C04F79EFBC}") = "Lab_3", "..\Lab_3\Lab_3.csproj", "{C67C8DBE-151F-42EF-80E8-2DC6ED7A12F8}"
EndProject
Project("{FAE04EC0-301F-11D3-BF4B-00C04F79EFBC}") = "Lab_4", "..\Lab_4\Lab_4.csproj", "{7FCEDFEA-5FD2-4833-9349-314C1F939216}"
EndProject
Global
	GlobalSection(SolutionConfigurationPlatforms) = preSolution
		Debug|Any CPU = Debug|Any CPU
		Release|Any CPU = Release|Any CPU
	EndGlobalSection
	GlobalSection(ProjectConfigurationPlatforms) = postSolution
		{93232FCE-6C85-4F1B-A3FB-FB217A37F95B}.Debug|Any CPU.ActiveCfg = Debug|Any CPU
		{93232FCE-6C85-4F1B-A3FB-FB217A37F95B}.Debug|Any CPU.Build.0 = Debug|Any CPU
		{93232FCE-6C85-4F1B-A3FB-FB217A37F95B}.Release|Any CPU.ActiveCfg = Release|Any CPU
		{93232FCE-6C85-4F1B-A3FB-FB217A37F95B}.Release|Any CPU.Build.0 = Release|Any CPU
		{84C8DAD8-757D-4098-AAB5-2EF185F3B0FD}.Debug|Any CPU.ActiveCfg = Debug|Any CPU
		{84C8DAD8-757D-4098-AAB5-2EF185F3B0FD}.Debug|Any CPU.Build.0 = Debug|Any CPU
		{84C8DAD8-757D-4098-AAB5-2EF185F3B0FD}.Release|Any CPU.ActiveCfg = Release|Any CPU
		{84C8DAD8-757D-4098-AAB5-2EF185F3B0FD}.Release|Any CPU.Build.0 = Release|Any CPU
		{C67C8DBE-151F-42EF-80E8-2DC6ED7A12F8}.Debug|Any CPU.ActiveCfg = Debug|Any CPU
		{C67C8DBE-151F-42EF-80E8-2DC6ED7A12F8}.Debug|Any CPU.Build.0 = Debug|Any CPU
		{C67C8DBE-151F-42EF-80E8-2DC6ED7A12F8}.Release|Any CPU.ActiveCfg = Release|Any CPU
		{C67C8DBE-151F-42EF-80E8-2DC6ED7A12F8}.Release|Any CPU.Build.0 = Release|Any CPU
		{7FCEDFEA-5FD2-4833-9349-314C1F939216}.Debug|Any CPU.ActiveCfg = Debug|Any CPU
		{7FCEDFEA-5FD2-4833-9349-314C1F939216}.Debug|Any CPU.Build.0 = Debug|Any CPU
		{7FCEDFEA-5FD2-4833-9349-314C1F939216}.Release|Any CPU.ActiveCfg = Release|Any CPU
		{7FCEDFEA-5FD2-4833-9349-314C1F939216}.Release|Any CPU.Build.0 = Release|Any CPU
	EndGlobalSection
	GlobalSection(SolutionProperties) = preSolution
		HideSolutionNode = FALSE
	EndGlobalSection
	GlobalSection(ExtensibilityGlobals) = postSolution
		SolutionGuid = {46885B01-0EAD-4CBE-A632-385BB7B6DF89}
	EndGlobalSection
EndGlobal
